// !$*UTF8*$!
{
	archiveVersion = 1;
	classes = {
	};
	objectVersion = 46;
	objects = {

/* Begin PBXBuildFile section */
		8BC6A497140B404200610E2F /* main.cpp in Sources */ = {isa = PBXBuildFile; fileRef = 8BC6A496140B404200610E2F /* main.cpp */; };
		8BC6A499140B404200610E2F /* addAlphaChannel.1 in CopyFiles */ = {isa = PBXBuildFile; fileRef = 8BC6A498140B404200610E2F /* addAlphaChannel.1 */; };
		8BC6A4A3140B405E00610E2F /* RGBAUtilities.cpp in Sources */ = {isa = PBXBuildFile; fileRef = 8BC6A4A0140B405E00610E2F /* RGBAUtilities.cpp */; };
		8BC6A4A4140B405E00610E2F /* FileHandler.cpp in Sources */ = {isa = PBXBuildFile; fileRef = 8BC6A4A1140B405E00610E2F /* FileHandler.cpp */; };
		8BC6A4A6140B40ED00610E2F /* libpng.framework in Frameworks */ = {isa = PBXBuildFile; fileRef = 8BC6A4A5140B40ED00610E2F /* libpng.framework */; };
/* End PBXBuildFile section */

/* Begin PBXCopyFilesBuildPhase section */
		8BC6A490140B404200610E2F /* CopyFiles */ = {
			isa = PBXCopyFilesBuildPhase;
			buildActionMask = 2147483647;
			dstPath = /usr/share/man/man1/;
			dstSubfolderSpec = 0;
			files = (
				8BC6A499140B404200610E2F /* addAlphaChannel.1 in CopyFiles */,
			);
			runOnlyForDeploymentPostprocessing = 1;
		};
/* End PBXCopyFilesBuildPhase section */

/* Begin PBXFileReference section */
		8BC6A492140B404200610E2F /* addAlphaChannel */ = {isa = PBXFileReference; explicitFileType = "compiled.mach-o.executable"; includeInIndex = 0; path = addAlphaChannel; sourceTree = BUILT_PRODUCTS_DIR; };
		8BC6A496140B404200610E2F /* main.cpp */ = {isa = PBXFileReference; lastKnownFileType = sourcecode.cpp.cpp; path = main.cpp; sourceTree = "<group>"; };
		8BC6A498140B404200610E2F /* addAlphaChannel.1 */ = {isa = PBXFileReference; lastKnownFileType = text.man; path = addAlphaChannel.1; sourceTree = "<group>"; };
		8BC6A49F140B405E00610E2F /* RGBAUtilities.h */ = {isa = PBXFileReference; fileEncoding = 4; lastKnownFileType = sourcecode.c.h; path = RGBAUtilities.h; sourceTree = "<group>"; };
		8BC6A4A0140B405E00610E2F /* RGBAUtilities.cpp */ = {isa = PBXFileReference; fileEncoding = 4; lastKnownFileType = sourcecode.cpp.cpp; path = RGBAUtilities.cpp; sourceTree = "<group>"; };
		8BC6A4A1140B405E00610E2F /* FileHandler.cpp */ = {isa = PBXFileReference; fileEncoding = 4; lastKnownFileType = sourcecode.cpp.cpp; path = FileHandler.cpp; sourceTree = "<group>"; };
		8BC6A4A2140B405E00610E2F /* FileHandler.h */ = {isa = PBXFileReference; fileEncoding = 4; lastKnownFileType = sourcecode.c.h; path = FileHandler.h; sourceTree = "<group>"; };
		8BC6A4A5140B40ED00610E2F /* libpng.framework */ = {isa = PBXFileReference; lastKnownFileType = wrapper.framework; name = libpng.framework; path = Library/Frameworks/libpng.framework; sourceTree = SDKROOT; };
/* End PBXFileReference section */

/* Begin PBXFrameworksBuildPhase section */
		8BC6A48F140B404200610E2F /* Frameworks */ = {
			isa = PBXFrameworksBuildPhase;
			buildActionMask = 2147483647;
			files = (
				8BC6A4A6140B40ED00610E2F /* libpng.framework in Frameworks */,
			);
			runOnlyForDeploymentPostprocessing = 0;
		};
/* End PBXFrameworksBuildPhase section */

/* Begin PBXGroup section */
		8BC6A487140B404200610E2F = {
			isa = PBXGroup;
			children = (
				8BC6A4A5140B40ED00610E2F /* libpng.framework */,
				8BC6A495140B404200610E2F /* addAlphaChannel */,
				8BC6A493140B404200610E2F /* Products */,
			);
			sourceTree = "<group>";
		};
		8BC6A493140B404200610E2F /* Products */ = {
			isa = PBXGroup;
			children = (
				8BC6A492140B404200610E2F /* addAlphaChannel */,
			);
			name = Products;
			sourceTree = "<group>";
		};
		8BC6A495140B404200610E2F /* addAlphaChannel */ = {
			isa = PBXGroup;
			children = (
				8BC6A496140B404200610E2F /* main.cpp */,
				8BC6A498140B404200610E2F /* addAlphaChannel.1 */,
				8BC6A49F140B405E00610E2F /* RGBAUtilities.h */,
				8BC6A4A0140B405E00610E2F /* RGBAUtilities.cpp */,
				8BC6A4A1140B405E00610E2F /* FileHandler.cpp */,
				8BC6A4A2140B405E00610E2F /* FileHandler.h */,
			);
			path = addAlphaChannel;
			sourceTree = "<group>";
		};
/* End PBXGroup section */

/* Begin PBXNativeTarget section */
		8BC6A491140B404200610E2F /* addAlphaChannel */ = {
			isa = PBXNativeTarget;
			buildConfigurationList = 8BC6A49C140B404200610E2F /* Build configuration list for PBXNativeTarget "addAlphaChannel" */;
			buildPhases = (
				8BC6A48E140B404200610E2F /* Sources */,
				8BC6A48F140B404200610E2F /* Frameworks */,
				8BC6A490140B404200610E2F /* CopyFiles */,
			);
			buildRules = (
			);
			dependencies = (
			);
			name = addAlphaChannel;
			productName = addAlphaChannel;
			productReference = 8BC6A492140B404200610E2F /* addAlphaChannel */;
			productType = "com.apple.product-type.tool";
		};
/* End PBXNativeTarget section */

/* Begin PBXProject section */
		8BC6A489140B404200610E2F /* Project object */ = {
			isa = PBXProject;
			attributes = {
				ORGANIZATIONNAME = "University Of New England";
			};
			buildConfigurationList = 8BC6A48C140B404200610E2F /* Build configuration list for PBXProject "addAlphaChannel" */;
			compatibilityVersion = "Xcode 3.2";
			developmentRegion = English;
			hasScannedForEncodings = 0;
			knownRegions = (
				en,
			);
			mainGroup = 8BC6A487140B404200610E2F;
			productRefGroup = 8BC6A493140B404200610E2F /* Products */;
			projectDirPath = "";
			projectRoot = "";
			targets = (
				8BC6A491140B404200610E2F /* addAlphaChannel */,
			);
		};
/* End PBXProject section */

/* Begin PBXSourcesBuildPhase section */
		8BC6A48E140B404200610E2F /* Sources */ = {
			isa = PBXSourcesBuildPhase;
			buildActionMask = 2147483647;
			files = (
				8BC6A497140B404200610E2F /* main.cpp in Sources */,
				8BC6A4A3140B405E00610E2F /* RGBAUtilities.cpp in Sources */,
				8BC6A4A4140B405E00610E2F /* FileHandler.cpp in Sources */,
			);
			runOnlyForDeploymentPostprocessing = 0;
		};
/* End PBXSourcesBuildPhase section */

/* Begin XCBuildConfiguration section */
		8BC6A49A140B404200610E2F /* Debug */ = {
			isa = XCBuildConfiguration;
			buildSettings = {
				ALWAYS_SEARCH_USER_PATHS = NO;
				ARCHS = "$(ARCHS_STANDARD_64_BIT)";
				COPY_PHASE_STRIP = NO;
				GCC_C_LANGUAGE_STANDARD = gnu99;
				GCC_DYNAMIC_NO_PIC = NO;
				GCC_ENABLE_OBJC_EXCEPTIONS = YES;
				GCC_OPTIMIZATION_LEVEL = 0;
				GCC_PREPROCESSOR_DEFINITIONS = (
					"DEBUG=1",
					"$(inherited)",
				);
				GCC_SYMBOLS_PRIVATE_EXTERN = NO;
				GCC_VERSION = com.apple.compilers.llvm.clang.1_0;
				GCC_WARN_64_TO_32_BIT_CONVERSION = YES;
				GCC_WARN_ABOUT_MISSING_PROTOTYPES = YES;
				GCC_WARN_ABOUT_RETURN_TYPE = YES;
				GCC_WARN_UNUSED_VARIABLE = YES;
				MACOSX_DEPLOYMENT_TARGET = 10.7;
				ONLY_ACTIVE_ARCH = YES;
				SDKROOT = macosx;
			};
			name = Debug;
		};
		8BC6A49B140B404200610E2F /* Release */ = {
			isa = XCBuildConfiguration;
			buildSettings = {
				ALWAYS_SEARCH_USER_PATHS = NO;
				ARCHS = "$(ARCHS_STANDARD_64_BIT)";
				COPY_PHASE_STRIP = YES;
				DEBUG_INFORMATION_FORMAT = "dwarf-with-dsym";
				GCC_C_LANGUAGE_STANDARD = gnu99;
				GCC_ENABLE_OBJC_EXCEPTIONS = YES;
				GCC_VERSION = com.apple.compilers.llvm.clang.1_0;
				GCC_WARN_64_TO_32_BIT_CONVERSION = YES;
				GCC_WARN_ABOUT_MISSING_PROTOTYPES = YES;
				GCC_WARN_ABOUT_RETURN_TYPE = YES;
				GCC_WARN_UNUSED_VARIABLE = YES;
				MACOSX_DEPLOYMENT_TARGET = 10.7;
				SDKROOT = macosx;
			};
			name = Release;
		};
		8BC6A49D140B404200610E2F /* Debug */ = {
			isa = XCBuildConfiguration;
			buildSettings = {
				PRODUCT_NAME = "$(TARGET_NAME)";
			};
			name = Debug;
		};
		8BC6A49E140B404200610E2F /* Release */ = {
			isa = XCBuildConfiguration;
			buildSettings = {
				PRODUCT_NAME = "$(TARGET_NAME)";
			};
			name = Release;
		};
/* End XCBuildConfiguration section */

/* Begin XCConfigurationList section */
		8BC6A48C140B404200610E2F /* Build configuration list for PBXProject "addAlphaChannel" */ = {
			isa = XCConfigurationList;
			buildConfigurations = (
				8BC6A49A140B404200610E2F /* Debug */,
				8BC6A49B140B404200610E2F /* Release */,
			);
			defaultConfigurationIsVisible = 0;
			defaultConfigurationName = Release;
		};
		8BC6A49C140B404200610E2F /* Build configuration list for PBXNativeTarget "addAlphaChannel" */ = {
			isa = XCConfigurationList;
			buildConfigurations = (
				8BC6A49D140B404200610E2F /* Debug */,
				8BC6A49E140B404200610E2F /* Release */,
			);
			defaultConfigurationIsVisible = 0;
		};
/* End XCConfigurationList section */
	};
	rootObject = 8BC6A489140B404200610E2F /* Project object */;
}
